
Microsoft Visual Studio Solution File, Format Version 11.00
# Visual Studio 2010
Project("{FAE04EC0-301F-11D3-BF4B-00C04F79EFBC}") = "AccountsTotal", "AccountsTotal\AccountsTotal.csproj", "{64544F63-00BB-4816-81E8-BEBAB967B922}"
EndProject
Global
	GlobalSection(SolutionConfigurationPlatforms) = preSolution
		Debug|x86 = Debug|x86
		Release|x86 = Release|x86
	EndGlobalSection
	GlobalSection(ProjectConfigurationPlatforms) = postSolution
		{64544F63-00BB-4816-81E8-BEBAB967B922}.Debug|x86.ActiveCfg = Debug|x86
		{64544F63-00BB-4816-81E8-BEBAB967B922}.Debug|x86.Build.0 = Debug|x86
		{64544F63-00BB-4816-81E8-BEBAB967B922}.Release|x86.ActiveCfg = Release|x86
		{64544F63-00BB-4816-81E8-BEBAB967B922}.Release|x86.Build.0 = Release|x86
	EndGlobalSection
	GlobalSection(SolutionProperties) = preSolution
		HideSolutionNode = FALSE
	EndGlobalSection
EndGlobal
