
Microsoft Visual Studio Solution File, Format Version 11.00
# Visual Studio 2010
Project("{FAE04EC0-301F-11D3-BF4B-00C04F79EFBC}") = "UsingXmlDocument", "UsingXmlDocument\UsingXmlDocument.csproj", "{041B60F1-8C15-4583-821B-B45864C74C57}"
EndProject
Global
	GlobalSection(SolutionConfigurationPlatforms) = preSolution
		Debug|x86 = Debug|x86
		Release|x86 = Release|x86
	EndGlobalSection
	GlobalSection(ProjectConfigurationPlatforms) = postSolution
		{041B60F1-8C15-4583-821B-B45864C74C57}.Debug|x86.ActiveCfg = Debug|x86
		{041B60F1-8C15-4583-821B-B45864C74C57}.Debug|x86.Build.0 = Debug|x86
		{041B60F1-8C15-4583-821B-B45864C74C57}.Release|x86.ActiveCfg = Release|x86
		{041B60F1-8C15-4583-821B-B45864C74C57}.Release|x86.Build.0 = Release|x86
	EndGlobalSection
	GlobalSection(SolutionProperties) = preSolution
		HideSolutionNode = FALSE
	EndGlobalSection
EndGlobal
